
Microsoft Visual Studio Solution File, Format Version 12.00
# Visual Studio Version 17
VisualStudioVersion = 17.3.32804.467
MinimumVisualStudioVersion = 10.0.40219.1
Project("{FAE04EC0-301F-11D3-BF4B-00C04F79EFBC}") = "UI training", "UI training\UI training.csproj", "{ED675EC7-72C6-49E7-A19E-CBDBB38C508D}"
EndProject
Global
	GlobalSection(SolutionConfigurationPlatforms) = preSolution
		Debug|Any CPU = Debug|Any CPU
		Release|Any CPU = Release|Any CPU
	EndGlobalSection
	GlobalSection(ProjectConfigurationPlatforms) = postSolution
		{ED675EC7-72C6-49E7-A19E-CBDBB38C508D}.Debug|Any CPU.ActiveCfg = Debug|Any CPU
		{ED675EC7-72C6-49E7-A19E-CBDBB38C508D}.Debug|Any CPU.Build.0 = Debug|Any CPU
		{ED675EC7-72C6-49E7-A19E-CBDBB38C508D}.Release|Any CPU.ActiveCfg = Release|Any CPU
		{ED675EC7-72C6-49E7-A19E-CBDBB38C508D}.Release|Any CPU.Build.0 = Release|Any CPU
	EndGlobalSection
	GlobalSection(SolutionProperties) = preSolution
		HideSolutionNode = FALSE
	EndGlobalSection
	GlobalSection(ExtensibilityGlobals) = postSolution
		SolutionGuid = {47D78B41-4B8A-4EC7-8A55-E3B3BB3939AE}
	EndGlobalSection
EndGlobal
